dependencies:
  espressif/mdns:
    component_hash: d8ae7aa491ff97aea1d00d514a1de42cdbaaf1bce10df183968fa5594b904de7
    source:
      storage_url: file:///E:/Espressif/registry
      type: service
    version: 1.2.5
  idf:
    component_hash: null
    source:
      type: idf
    version: 5.2.1
manifest_hash: 307618a9ba9263b96b7b0af7cdc0fa6aa79383b610169de17739f120b64147d5
target: esp32
version: 1.0.0
